
Microsoft Visual Studio Solution File, Format Version 12.00
# Visual Studio Version 17
VisualStudioVersion = 17.0.31903.59
MinimumVisualStudioVersion = 10.0.40219.1
Project("{2150E333-8FDC-42A3-9474-1A3956D46DE8}") = "src", "src", "{A1B2C3D4-E5F6-7890-ABCD-EF1234567890}"
EndProject
Project("{2150E333-8FDC-42A3-9474-1A3956D46DE8}") = "tests", "tests", "{B1C2D3E4-F5A6-7890-BCDE-F01234567891}"
EndProject
Project("{2150E333-8FDC-42A3-9474-1A3956D46DE8}") = "samples", "samples", "{C1D2E3F4-A5B6-7890-CDEF-012345678892}"
EndProject
Project("{FAE04EC0-301F-11D3-BF4B-00C04F79EFBC}") = "CometBFT.Client.Core", "src\CometBFT.Client.Core\CometBFT.Client.Core.csproj", "{D1E2F3A4-B5C6-7890-DEF0-123456789893}"
EndProject
Project("{FAE04EC0-301F-11D3-BF4B-00C04F79EFBC}") = "CometBFT.Client.Rest", "src\CometBFT.Client.Rest\CometBFT.Client.Rest.csproj", "{E1F2A3B4-C5D6-7890-EF01-234567890894}"
EndProject
Project("{FAE04EC0-301F-11D3-BF4B-00C04F79EFBC}") = "CometBFT.Client.WebSocket", "src\CometBFT.Client.WebSocket\CometBFT.Client.WebSocket.csproj", "{F1A2B3C4-D5E6-7890-F012-345678901895}"
EndProject
Project("{FAE04EC0-301F-11D3-BF4B-00C04F79EFBC}") = "CometBFT.Client.Grpc", "src\CometBFT.Client.Grpc\CometBFT.Client.Grpc.csproj", "{A2B3C4D5-E6F7-8901-A123-456789012896}"
EndProject
Project("{FAE04EC0-301F-11D3-BF4B-00C04F79EFBC}") = "CometBFT.Client.Extensions", "src\CometBFT.Client.Extensions\CometBFT.Client.Extensions.csproj", "{B2C3D4E5-F6A7-8901-B234-567890123897}"
EndProject
Project("{FAE04EC0-301F-11D3-BF4B-00C04F79EFBC}") = "CometBFT.Client.Core.Tests", "tests\CometBFT.Client.Core.Tests\CometBFT.Client.Core.Tests.csproj", "{C2D3E4F5-A6B7-8901-C345-678901234898}"
EndProject
Project("{FAE04EC0-301F-11D3-BF4B-00C04F79EFBC}") = "CometBFT.Client.Rest.Tests", "tests\CometBFT.Client.Rest.Tests\CometBFT.Client.Rest.Tests.csproj", "{D2E3F4A5-B6C7-8901-D456-789012345899}"
EndProject
Project("{FAE04EC0-301F-11D3-BF4B-00C04F79EFBC}") = "CometBFT.Client.WebSocket.Tests", "tests\CometBFT.Client.WebSocket.Tests\CometBFT.Client.WebSocket.Tests.csproj", "{E2F3A4B5-C6D7-8901-E567-89012345689A}"
EndProject
Project("{FAE04EC0-301F-11D3-BF4B-00C04F79EFBC}") = "CometBFT.Client.Grpc.Tests", "tests\CometBFT.Client.Grpc.Tests\CometBFT.Client.Grpc.Tests.csproj", "{F2A3B4C5-D6E7-8901-F678-90123456789B}"
EndProject
Project("{FAE04EC0-301F-11D3-BF4B-00C04F79EFBC}") = "CometBFT.Client.Integration.Tests", "tests\CometBFT.Client.Integration.Tests\CometBFT.Client.Integration.Tests.csproj", "{A3B4C5D6-E7F8-9012-A789-012345678901}"
EndProject
Project("{FAE04EC0-301F-11D3-BF4B-00C04F79EFBC}") = "CometBFT.Client.Sample", "samples\CometBFT.Client.Sample\CometBFT.Client.Sample.csproj", "{B3C4D5E6-F7A8-9012-B890-123456789012}"
EndProject
Project("{FAE04EC0-301F-11D3-BF4B-00C04F79EFBC}") = "CometBFT.Client.Demo.Shared", "samples\CometBFT.Client.Demo.Shared\CometBFT.Client.Demo.Shared.csproj", "{F6A7B8C9-D0E1-2345-F123-456789012346}"
EndProject
Project("{FAE04EC0-301F-11D3-BF4B-00C04F79EFBC}") = "CometBFT.Client.E2E.Tests", "tests\CometBFT.Client.E2E.Tests\CometBFT.Client.E2E.Tests.csproj", "{A4739330-2947-44D0-86A2-D04A138099FC}"
EndProject
Project("{FAE04EC0-301F-11D3-BF4B-00C04F79EFBC}") = "CometBFT.Client.Demo.Dashboard", "samples\CometBFT.Client.Demo.Dashboard\CometBFT.Client.Demo.Dashboard.csproj", "{86F9C137-0DD4-44D8-805C-761898BF3BD0}"
EndProject
Project("{FAE04EC0-301F-11D3-BF4B-00C04F79EFBC}") = "CometBFT.Client.Demo.Dashboard.Tests", "tests\CometBFT.Client.Demo.Dashboard.Tests\CometBFT.Client.Demo.Dashboard.Tests.csproj", "{D3E4F5A6-B7C8-9012-D567-890123456789}"
EndProject
Global
	GlobalSection(SolutionConfigurationPlatforms) = preSolution
		Debug|Any CPU = Debug|Any CPU
		Debug|x64 = Debug|x64
		Debug|x86 = Debug|x86
		Release|Any CPU = Release|Any CPU
		Release|x64 = Release|x64
		Release|x86 = Release|x86
	EndGlobalSection
	GlobalSection(ProjectConfigurationPlatforms) = postSolution
		{D1E2F3A4-B5C6-7890-DEF0-123456789893}.Debug|Any CPU.ActiveCfg = Debug|Any CPU
		{D1E2F3A4-B5C6-7890-DEF0-123456789893}.Debug|Any CPU.Build.0 = Debug|Any CPU
		{D1E2F3A4-B5C6-7890-DEF0-123456789893}.Debug|x64.ActiveCfg = Debug|Any CPU
		{D1E2F3A4-B5C6-7890-DEF0-123456789893}.Debug|x64.Build.0 = Debug|Any CPU
		{D1E2F3A4-B5C6-7890-DEF0-123456789893}.Debug|x86.ActiveCfg = Debug|Any CPU
		{D1E2F3A4-B5C6-7890-DEF0-123456789893}.Debug|x86.Build.0 = Debug|Any CPU
		{D1E2F3A4-B5C6-7890-DEF0-123456789893}.Release|Any CPU.ActiveCfg = Release|Any CPU
		{D1E2F3A4-B5C6-7890-DEF0-123456789893}.Release|Any CPU.Build.0 = Release|Any CPU
		{D1E2F3A4-B5C6-7890-DEF0-123456789893}.Release|x64.ActiveCfg = Release|Any CPU
		{D1E2F3A4-B5C6-7890-DEF0-123456789893}.Release|x64.Build.0 = Release|Any CPU
		{D1E2F3A4-B5C6-7890-DEF0-123456789893}.Release|x86.ActiveCfg = Release|Any CPU
		{D1E2F3A4-B5C6-7890-DEF0-123456789893}.Release|x86.Build.0 = Release|Any CPU
		{E1F2A3B4-C5D6-7890-EF01-234567890894}.Debug|Any CPU.ActiveCfg = Debug|Any CPU
		{E1F2A3B4-C5D6-7890-EF01-234567890894}.Debug|Any CPU.Build.0 = Debug|Any CPU
		{E1F2A3B4-C5D6-7890-EF01-234567890894}.Debug|x64.ActiveCfg = Debug|Any CPU
		{E1F2A3B4-C5D6-7890-EF01-234567890894}.Debug|x64.Build.0 = Debug|Any CPU
		{E1F2A3B4-C5D6-7890-EF01-234567890894}.Debug|x86.ActiveCfg = Debug|Any CPU
		{E1F2A3B4-C5D6-7890-EF01-234567890894}.Debug|x86.Build.0 = Debug|Any CPU
		{E1F2A3B4-C5D6-7890-EF01-234567890894}.Release|Any CPU.ActiveCfg = Release|Any CPU
		{E1F2A3B4-C5D6-7890-EF01-234567890894}.Release|Any CPU.Build.0 = Release|Any CPU
		{E1F2A3B4-C5D6-7890-EF01-234567890894}.Release|x64.ActiveCfg = Release|Any CPU
		{E1F2A3B4-C5D6-7890-EF01-234567890894}.Release|x64.Build.0 = Release|Any CPU
		{E1F2A3B4-C5D6-7890-EF01-234567890894}.Release|x86.ActiveCfg = Release|Any CPU
		{E1F2A3B4-C5D6-7890-EF01-234567890894}.Release|x86.Build.0 = Release|Any CPU
		{F1A2B3C4-D5E6-7890-F012-345678901895}.Debug|Any CPU.ActiveCfg = Debug|Any CPU
		{F1A2B3C4-D5E6-7890-F012-345678901895}.Debug|Any CPU.Build.0 = Debug|Any CPU
		{F1A2B3C4-D5E6-7890-F012-345678901895}.Debug|x64.ActiveCfg = Debug|Any CPU
		{F1A2B3C4-D5E6-7890-F012-345678901895}.Debug|x64.Build.0 = Debug|Any CPU
		{F1A2B3C4-D5E6-7890-F012-345678901895}.Debug|x86.ActiveCfg = Debug|Any CPU
		{F1A2B3C4-D5E6-7890-F012-345678901895}.Debug|x86.Build.0 = Debug|Any CPU
		{F1A2B3C4-D5E6-7890-F012-345678901895}.Release|Any CPU.ActiveCfg = Release|Any CPU
		{F1A2B3C4-D5E6-7890-F012-345678901895}.Release|Any CPU.Build.0 = Release|Any CPU
		{F1A2B3C4-D5E6-7890-F012-345678901895}.Release|x64.ActiveCfg = Release|Any CPU
		{F1A2B3C4-D5E6-7890-F012-345678901895}.Release|x64.Build.0 = Release|Any CPU
		{F1A2B3C4-D5E6-7890-F012-345678901895}.Release|x86.ActiveCfg = Release|Any CPU
		{F1A2B3C4-D5E6-7890-F012-345678901895}.Release|x86.Build.0 = Release|Any CPU
		{A2B3C4D5-E6F7-8901-A123-456789012896}.Debug|Any CPU.ActiveCfg = Debug|Any CPU
		{A2B3C4D5-E6F7-8901-A123-456789012896}.Debug|Any CPU.Build.0 = Debug|Any CPU
		{A2B3C4D5-E6F7-8901-A123-456789012896}.Debug|x64.ActiveCfg = Debug|Any CPU
		{A2B3C4D5-E6F7-8901-A123-456789012896}.Debug|x64.Build.0 = Debug|Any CPU
		{A2B3C4D5-E6F7-8901-A123-456789012896}.Debug|x86.ActiveCfg = Debug|Any CPU
		{A2B3C4D5-E6F7-8901-A123-456789012896}.Debug|x86.Build.0 = Debug|Any CPU
		{A2B3C4D5-E6F7-8901-A123-456789012896}.Release|Any CPU.ActiveCfg = Release|Any CPU
		{A2B3C4D5-E6F7-8901-A123-456789012896}.Release|Any CPU.Build.0 = Release|Any CPU
		{A2B3C4D5-E6F7-8901-A123-456789012896}.Release|x64.ActiveCfg = Release|Any CPU
		{A2B3C4D5-E6F7-8901-A123-456789012896}.Release|x64.Build.0 = Release|Any CPU
		{A2B3C4D5-E6F7-8901-A123-456789012896}.Release|x86.ActiveCfg = Release|Any CPU
		{A2B3C4D5-E6F7-8901-A123-456789012896}.Release|x86.Build.0 = Release|Any CPU
		{B2C3D4E5-F6A7-8901-B234-567890123897}.Debug|Any CPU.ActiveCfg = Debug|Any CPU
		{B2C3D4E5-F6A7-8901-B234-567890123897}.Debug|Any CPU.Build.0 = Debug|Any CPU
		{B2C3D4E5-F6A7-8901-B234-567890123897}.Debug|x64.ActiveCfg = Debug|Any CPU
		{B2C3D4E5-F6A7-8901-B234-567890123897}.Debug|x64.Build.0 = Debug|Any CPU
		{B2C3D4E5-F6A7-8901-B234-567890123897}.Debug|x86.ActiveCfg = Debug|Any CPU
		{B2C3D4E5-F6A7-8901-B234-567890123897}.Debug|x86.Build.0 = Debug|Any CPU
		{B2C3D4E5-F6A7-8901-B234-567890123897}.Release|Any CPU.ActiveCfg = Release|Any CPU
		{B2C3D4E5-F6A7-8901-B234-567890123897}.Release|Any CPU.Build.0 = Release|Any CPU
		{B2C3D4E5-F6A7-8901-B234-567890123897}.Release|x64.ActiveCfg = Release|Any CPU
		{B2C3D4E5-F6A7-8901-B234-567890123897}.Release|x64.Build.0 = Release|Any CPU
		{B2C3D4E5-F6A7-8901-B234-567890123897}.Release|x86.ActiveCfg = Release|Any CPU
		{B2C3D4E5-F6A7-8901-B234-567890123897}.Release|x86.Build.0 = Release|Any CPU
		{C2D3E4F5-A6B7-8901-C345-678901234898}.Debug|Any CPU.ActiveCfg = Debug|Any CPU
		{C2D3E4F5-A6B7-8901-C345-678901234898}.Debug|Any CPU.Build.0 = Debug|Any CPU
		{C2D3E4F5-A6B7-8901-C345-678901234898}.Debug|x64.ActiveCfg = Debug|Any CPU
		{C2D3E4F5-A6B7-8901-C345-678901234898}.Debug|x64.Build.0 = Debug|Any CPU
		{C2D3E4F5-A6B7-8901-C345-678901234898}.Debug|x86.ActiveCfg = Debug|Any CPU
		{C2D3E4F5-A6B7-8901-C345-678901234898}.Debug|x86.Build.0 = Debug|Any CPU
		{C2D3E4F5-A6B7-8901-C345-678901234898}.Release|Any CPU.ActiveCfg = Release|Any CPU
		{C2D3E4F5-A6B7-8901-C345-678901234898}.Release|Any CPU.Build.0 = Release|Any CPU
		{C2D3E4F5-A6B7-8901-C345-678901234898}.Release|x64.ActiveCfg = Release|Any CPU
		{C2D3E4F5-A6B7-8901-C345-678901234898}.Release|x64.Build.0 = Release|Any CPU
		{C2D3E4F5-A6B7-8901-C345-678901234898}.Release|x86.ActiveCfg = Release|Any CPU
		{C2D3E4F5-A6B7-8901-C345-678901234898}.Release|x86.Build.0 = Release|Any CPU
		{D2E3F4A5-B6C7-8901-D456-789012345899}.Debug|Any CPU.ActiveCfg = Debug|Any CPU
		{D2E3F4A5-B6C7-8901-D456-789012345899}.Debug|Any CPU.Build.0 = Debug|Any CPU
		{D2E3F4A5-B6C7-8901-D456-789012345899}.Debug|x64.ActiveCfg = Debug|Any CPU
		{D2E3F4A5-B6C7-8901-D456-789012345899}.Debug|x64.Build.0 = Debug|Any CPU
		{D2E3F4A5-B6C7-8901-D456-789012345899}.Debug|x86.ActiveCfg = Debug|Any CPU
		{D2E3F4A5-B6C7-8901-D456-789012345899}.Debug|x86.Build.0 = Debug|Any CPU
		{D2E3F4A5-B6C7-8901-D456-789012345899}.Release|Any CPU.ActiveCfg = Release|Any CPU
		{D2E3F4A5-B6C7-8901-D456-789012345899}.Release|Any CPU.Build.0 = Release|Any CPU
		{D2E3F4A5-B6C7-8901-D456-789012345899}.Release|x64.ActiveCfg = Release|Any CPU
		{D2E3F4A5-B6C7-8901-D456-789012345899}.Release|x64.Build.0 = Release|Any CPU
		{D2E3F4A5-B6C7-8901-D456-789012345899}.Release|x86.ActiveCfg = Release|Any CPU
		{D2E3F4A5-B6C7-8901-D456-789012345899}.Release|x86.Build.0 = Release|Any CPU
		{E2F3A4B5-C6D7-8901-E567-89012345689A}.Debug|Any CPU.ActiveCfg = Debug|Any CPU
		{E2F3A4B5-C6D7-8901-E567-89012345689A}.Debug|Any CPU.Build.0 = Debug|Any CPU
		{E2F3A4B5-C6D7-8901-E567-89012345689A}.Debug|x64.ActiveCfg = Debug|Any CPU
		{E2F3A4B5-C6D7-8901-E567-89012345689A}.Debug|x64.Build.0 = Debug|Any CPU
		{E2F3A4B5-C6D7-8901-E567-89012345689A}.Debug|x86.ActiveCfg = Debug|Any CPU
		{E2F3A4B5-C6D7-8901-E567-89012345689A}.Debug|x86.Build.0 = Debug|Any CPU
		{E2F3A4B5-C6D7-8901-E567-89012345689A}.Release|Any CPU.ActiveCfg = Release|Any CPU
		{E2F3A4B5-C6D7-8901-E567-89012345689A}.Release|Any CPU.Build.0 = Release|Any CPU
		{E2F3A4B5-C6D7-8901-E567-89012345689A}.Release|x64.ActiveCfg = Release|Any CPU
		{E2F3A4B5-C6D7-8901-E567-89012345689A}.Release|x64.Build.0 = Release|Any CPU
		{E2F3A4B5-C6D7-8901-E567-89012345689A}.Release|x86.ActiveCfg = Release|Any CPU
		{E2F3A4B5-C6D7-8901-E567-89012345689A}.Release|x86.Build.0 = Release|Any CPU
		{F2A3B4C5-D6E7-8901-F678-90123456789B}.Debug|Any CPU.ActiveCfg = Debug|Any CPU
		{F2A3B4C5-D6E7-8901-F678-90123456789B}.Debug|Any CPU.Build.0 = Debug|Any CPU
		{F2A3B4C5-D6E7-8901-F678-90123456789B}.Debug|x64.ActiveCfg = Debug|Any CPU
		{F2A3B4C5-D6E7-8901-F678-90123456789B}.Debug|x64.Build.0 = Debug|Any CPU
		{F2A3B4C5-D6E7-8901-F678-90123456789B}.Debug|x86.ActiveCfg = Debug|Any CPU
		{F2A3B4C5-D6E7-8901-F678-90123456789B}.Debug|x86.Build.0 = Debug|Any CPU
		{F2A3B4C5-D6E7-8901-F678-90123456789B}.Release|Any CPU.ActiveCfg = Release|Any CPU
		{F2A3B4C5-D6E7-8901-F678-90123456789B}.Release|Any CPU.Build.0 = Release|Any CPU
		{F2A3B4C5-D6E7-8901-F678-90123456789B}.Release|x64.ActiveCfg = Release|Any CPU
		{F2A3B4C5-D6E7-8901-F678-90123456789B}.Release|x64.Build.0 = Release|Any CPU
		{F2A3B4C5-D6E7-8901-F678-90123456789B}.Release|x86.ActiveCfg = Release|Any CPU
		{F2A3B4C5-D6E7-8901-F678-90123456789B}.Release|x86.Build.0 = Release|Any CPU
		{A3B4C5D6-E7F8-9012-A789-012345678901}.Debug|Any CPU.ActiveCfg = Debug|Any CPU
		{A3B4C5D6-E7F8-9012-A789-012345678901}.Debug|Any CPU.Build.0 = Debug|Any CPU
		{A3B4C5D6-E7F8-9012-A789-012345678901}.Debug|x64.ActiveCfg = Debug|Any CPU
		{A3B4C5D6-E7F8-9012-A789-012345678901}.Debug|x64.Build.0 = Debug|Any CPU
		{A3B4C5D6-E7F8-9012-A789-012345678901}.Debug|x86.ActiveCfg = Debug|Any CPU
		{A3B4C5D6-E7F8-9012-A789-012345678901}.Debug|x86.Build.0 = Debug|Any CPU
		{A3B4C5D6-E7F8-9012-A789-012345678901}.Release|Any CPU.ActiveCfg = Release|Any CPU
		{A3B4C5D6-E7F8-9012-A789-012345678901}.Release|Any CPU.Build.0 = Release|Any CPU
		{A3B4C5D6-E7F8-9012-A789-012345678901}.Release|x64.ActiveCfg = Release|Any CPU
		{A3B4C5D6-E7F8-9012-A789-012345678901}.Release|x64.Build.0 = Release|Any CPU
		{A3B4C5D6-E7F8-9012-A789-012345678901}.Release|x86.ActiveCfg = Release|Any CPU
		{A3B4C5D6-E7F8-9012-A789-012345678901}.Release|x86.Build.0 = Release|Any CPU
		{B3C4D5E6-F7A8-9012-B890-123456789012}.Debug|Any CPU.ActiveCfg = Debug|Any CPU
		{B3C4D5E6-F7A8-9012-B890-123456789012}.Debug|Any CPU.Build.0 = Debug|Any CPU
		{B3C4D5E6-F7A8-9012-B890-123456789012}.Debug|x64.ActiveCfg = Debug|Any CPU
		{B3C4D5E6-F7A8-9012-B890-123456789012}.Debug|x64.Build.0 = Debug|Any CPU
		{B3C4D5E6-F7A8-9012-B890-123456789012}.Debug|x86.ActiveCfg = Debug|Any CPU
		{B3C4D5E6-F7A8-9012-B890-123456789012}.Debug|x86.Build.0 = Debug|Any CPU
		{B3C4D5E6-F7A8-9012-B890-123456789012}.Release|Any CPU.ActiveCfg = Release|Any CPU
		{B3C4D5E6-F7A8-9012-B890-123456789012}.Release|Any CPU.Build.0 = Release|Any CPU
		{B3C4D5E6-F7A8-9012-B890-123456789012}.Release|x64.ActiveCfg = Release|Any CPU
		{B3C4D5E6-F7A8-9012-B890-123456789012}.Release|x64.Build.0 = Release|Any CPU
		{B3C4D5E6-F7A8-9012-B890-123456789012}.Release|x86.ActiveCfg = Release|Any CPU
		{B3C4D5E6-F7A8-9012-B890-123456789012}.Release|x86.Build.0 = Release|Any CPU
		{A4739330-2947-44D0-86A2-D04A138099FC}.Debug|Any CPU.ActiveCfg = Debug|Any CPU
		{A4739330-2947-44D0-86A2-D04A138099FC}.Debug|Any CPU.Build.0 = Debug|Any CPU
		{A4739330-2947-44D0-86A2-D04A138099FC}.Debug|x64.ActiveCfg = Debug|Any CPU
		{A4739330-2947-44D0-86A2-D04A138099FC}.Debug|x64.Build.0 = Debug|Any CPU
		{A4739330-2947-44D0-86A2-D04A138099FC}.Debug|x86.ActiveCfg = Debug|Any CPU
		{A4739330-2947-44D0-86A2-D04A138099FC}.Debug|x86.Build.0 = Debug|Any CPU
		{A4739330-2947-44D0-86A2-D04A138099FC}.Release|Any CPU.ActiveCfg = Release|Any CPU
		{A4739330-2947-44D0-86A2-D04A138099FC}.Release|Any CPU.Build.0 = Release|Any CPU
		{A4739330-2947-44D0-86A2-D04A138099FC}.Release|x64.ActiveCfg = Release|Any CPU
		{A4739330-2947-44D0-86A2-D04A138099FC}.Release|x64.Build.0 = Release|Any CPU
		{A4739330-2947-44D0-86A2-D04A138099FC}.Release|x86.ActiveCfg = Release|Any CPU
		{A4739330-2947-44D0-86A2-D04A138099FC}.Release|x86.Build.0 = Release|Any CPU
		{86F9C137-0DD4-44D8-805C-761898BF3BD0}.Debug|Any CPU.ActiveCfg = Debug|Any CPU
		{86F9C137-0DD4-44D8-805C-761898BF3BD0}.Debug|Any CPU.Build.0 = Debug|Any CPU
		{86F9C137-0DD4-44D8-805C-761898BF3BD0}.Debug|x64.ActiveCfg = Debug|Any CPU
		{86F9C137-0DD4-44D8-805C-761898BF3BD0}.Debug|x64.Build.0 = Debug|Any CPU
		{86F9C137-0DD4-44D8-805C-761898BF3BD0}.Debug|x86.ActiveCfg = Debug|Any CPU
		{86F9C137-0DD4-44D8-805C-761898BF3BD0}.Debug|x86.Build.0 = Debug|Any CPU
		{86F9C137-0DD4-44D8-805C-761898BF3BD0}.Release|Any CPU.ActiveCfg = Release|Any CPU
		{86F9C137-0DD4-44D8-805C-761898BF3BD0}.Release|Any CPU.Build.0 = Release|Any CPU
		{86F9C137-0DD4-44D8-805C-761898BF3BD0}.Release|x64.ActiveCfg = Release|Any CPU
		{86F9C137-0DD4-44D8-805C-761898BF3BD0}.Release|x64.Build.0 = Release|Any CPU
		{86F9C137-0DD4-44D8-805C-761898BF3BD0}.Release|x86.ActiveCfg = Release|Any CPU
		{86F9C137-0DD4-44D8-805C-761898BF3BD0}.Release|x86.Build.0 = Release|Any CPU
		{D3E4F5A6-B7C8-9012-D567-890123456789}.Debug|Any CPU.ActiveCfg = Debug|Any CPU
		{D3E4F5A6-B7C8-9012-D567-890123456789}.Debug|Any CPU.Build.0 = Debug|Any CPU
		{D3E4F5A6-B7C8-9012-D567-890123456789}.Debug|x64.ActiveCfg = Debug|Any CPU
		{D3E4F5A6-B7C8-9012-D567-890123456789}.Debug|x64.Build.0 = Debug|Any CPU
		{D3E4F5A6-B7C8-9012-D567-890123456789}.Debug|x86.ActiveCfg = Debug|Any CPU
		{D3E4F5A6-B7C8-9012-D567-890123456789}.Debug|x86.Build.0 = Debug|Any CPU
		{D3E4F5A6-B7C8-9012-D567-890123456789}.Release|Any CPU.ActiveCfg = Release|Any CPU
		{D3E4F5A6-B7C8-9012-D567-890123456789}.Release|Any CPU.Build.0 = Release|Any CPU
		{D3E4F5A6-B7C8-9012-D567-890123456789}.Release|x64.ActiveCfg = Release|Any CPU
		{D3E4F5A6-B7C8-9012-D567-890123456789}.Release|x64.Build.0 = Release|Any CPU
		{D3E4F5A6-B7C8-9012-D567-890123456789}.Release|x86.ActiveCfg = Release|Any CPU
		{D3E4F5A6-B7C8-9012-D567-890123456789}.Release|x86.Build.0 = Release|Any CPU
	EndGlobalSection
	GlobalSection(SolutionProperties) = preSolution
		HideSolutionNode = FALSE
	EndGlobalSection
	GlobalSection(NestedProjects) = preSolution
		{D1E2F3A4-B5C6-7890-DEF0-123456789893} = {A1B2C3D4-E5F6-7890-ABCD-EF1234567890}
		{E1F2A3B4-C5D6-7890-EF01-234567890894} = {A1B2C3D4-E5F6-7890-ABCD-EF1234567890}
		{F1A2B3C4-D5E6-7890-F012-345678901895} = {A1B2C3D4-E5F6-7890-ABCD-EF1234567890}
		{A2B3C4D5-E6F7-8901-A123-456789012896} = {A1B2C3D4-E5F6-7890-ABCD-EF1234567890}
		{B2C3D4E5-F6A7-8901-B234-567890123897} = {A1B2C3D4-E5F6-7890-ABCD-EF1234567890}
		{C2D3E4F5-A6B7-8901-C345-678901234898} = {B1C2D3E4-F5A6-7890-BCDE-F01234567891}
		{D2E3F4A5-B6C7-8901-D456-789012345899} = {B1C2D3E4-F5A6-7890-BCDE-F01234567891}
		{E2F3A4B5-C6D7-8901-E567-89012345689A} = {B1C2D3E4-F5A6-7890-BCDE-F01234567891}
		{F2A3B4C5-D6E7-8901-F678-90123456789B} = {B1C2D3E4-F5A6-7890-BCDE-F01234567891}
		{A3B4C5D6-E7F8-9012-A789-012345678901} = {B1C2D3E4-F5A6-7890-BCDE-F01234567891}
		{B3C4D5E6-F7A8-9012-B890-123456789012} = {C1D2E3F4-A5B6-7890-CDEF-012345678892}
		{F6A7B8C9-D0E1-2345-F123-456789012346} = {C1D2E3F4-A5B6-7890-CDEF-012345678892}
		{A4739330-2947-44D0-86A2-D04A138099FC} = {B1C2D3E4-F5A6-7890-BCDE-F01234567891}
		{86F9C137-0DD4-44D8-805C-761898BF3BD0} = {C1D2E3F4-A5B6-7890-CDEF-012345678892}
		{D3E4F5A6-B7C8-9012-D567-890123456789} = {B1C2D3E4-F5A6-7890-BCDE-F01234567891}
	EndGlobalSection
EndGlobal
